
Microsoft Visual Studio Solution File, Format Version 12.00
# Visual Studio 15
VisualStudioVersion = 15.0.27703.2047
MinimumVisualStudioVersion = 10.0.40219.1
Project("{FAE04EC0-301F-11D3-BF4B-00C04F79EFBC}") = "ExercicioEFCoreCodeFirst", "ExercicioEFCoreCodeFirst\ExercicioEFCoreCodeFirst.csproj", "{4FAA05F1-AAA4-473C-9D7D-2BCC69B97E8D}"
EndProject
Global
	GlobalSection(SolutionConfigurationPlatforms) = preSolution
		Debug|Any CPU = Debug|Any CPU
		Release|Any CPU = Release|Any CPU
	EndGlobalSection
	GlobalSection(ProjectConfigurationPlatforms) = postSolution
		{4FAA05F1-AAA4-473C-9D7D-2BCC69B97E8D}.Debug|Any CPU.ActiveCfg = Debug|Any CPU
		{4FAA05F1-AAA4-473C-9D7D-2BCC69B97E8D}.Debug|Any CPU.Build.0 = Debug|Any CPU
		{4FAA05F1-AAA4-473C-9D7D-2BCC69B97E8D}.Release|Any CPU.ActiveCfg = Release|Any CPU
		{4FAA05F1-AAA4-473C-9D7D-2BCC69B97E8D}.Release|Any CPU.Build.0 = Release|Any CPU
	EndGlobalSection
	GlobalSection(SolutionProperties) = preSolution
		HideSolutionNode = FALSE
	EndGlobalSection
	GlobalSection(ExtensibilityGlobals) = postSolution
		SolutionGuid = {3C987718-02F6-401B-AD36-9A6E5C112B1D}
	EndGlobalSection
EndGlobal
